
Microsoft Visual Studio Solution File, Format Version 12.00
# Visual Studio Version 16
VisualStudioVersion = 16.0.30517.126
MinimumVisualStudioVersion = 10.0.40219.1
Project("{FAE04EC0-301F-11D3-BF4B-00C04F79EFBC}") = "SobrecargaMetodosG4", "SobrecargaMetodosG4.csproj", "{52B8D6D9-429E-489D-A8BC-C3BF635F9A7A}"
EndProject
Global
	GlobalSection(SolutionConfigurationPlatforms) = preSolution
		Debug|Any CPU = Debug|Any CPU
		Release|Any CPU = Release|Any CPU
	EndGlobalSection
	GlobalSection(ProjectConfigurationPlatforms) = postSolution
		{52B8D6D9-429E-489D-A8BC-C3BF635F9A7A}.Debug|Any CPU.ActiveCfg = Debug|Any CPU
		{52B8D6D9-429E-489D-A8BC-C3BF635F9A7A}.Debug|Any CPU.Build.0 = Debug|Any CPU
		{52B8D6D9-429E-489D-A8BC-C3BF635F9A7A}.Release|Any CPU.ActiveCfg = Release|Any CPU
		{52B8D6D9-429E-489D-A8BC-C3BF635F9A7A}.Release|Any CPU.Build.0 = Release|Any CPU
	EndGlobalSection
	GlobalSection(SolutionProperties) = preSolution
		HideSolutionNode = FALSE
	EndGlobalSection
	GlobalSection(ExtensibilityGlobals) = postSolution
		SolutionGuid = {3B4F67F8-4758-43C4-AEEB-E8824698FC0B}
	EndGlobalSection
EndGlobal
